// !$*UTF8*$!
{
	archiveVersion = 1;
	classes = {
	};
	objectVersion = 50;
	objects = {

/* Begin PBXBuildFile section */
		F15725252629B54800CEC1AE /* HorarioLoader.swift in Sources */ = {isa = PBXBuildFile; fileRef = F15725242629B54800CEC1AE /* HorarioLoader.swift */; };
		F15725292629B9A000CEC1AE /* ProgressBar.swift in Sources */ = {isa = PBXBuildFile; fileRef = F15725282629B9A000CEC1AE /* ProgressBar.swift */; };
		F157252E2629BD1000CEC1AE /* Colors.swift in Sources */ = {isa = PBXBuildFile; fileRef = F157252D2629BD1000CEC1AE /* Colors.swift */; };
		F15725312629CC6700CEC1AE /* Scene.swift in Sources */ = {isa = PBXBuildFile; fileRef = F15725302629CC6700CEC1AE /* Scene.swift */; };
		F1A1CAEA26286BCC000BC3E3 /* TaskModel.swift in Sources */ = {isa = PBXBuildFile; fileRef = F1A1CAE926286BCC000BC3E3 /* TaskModel.swift */; };
		F1A1CAED26286C73000BC3E3 /* TaskStatus.swift in Sources */ = {isa = PBXBuildFile; fileRef = F1A1CAEC26286C73000BC3E3 /* TaskStatus.swift */; };
		F1B817912625C84B0058BE57 /* watchC_planet04.dae in Resources */ = {isa = PBXBuildFile; fileRef = F1B8178A2625C84B0058BE57 /* watchC_planet04.dae */; };
		F1B817922625C84B0058BE57 /* watchC_planet05.dae in Resources */ = {isa = PBXBuildFile; fileRef = F1B8178B2625C84B0058BE57 /* watchC_planet05.dae */; };
		F1B817932625C84B0058BE57 /* watchC_planet07.dae in Resources */ = {isa = PBXBuildFile; fileRef = F1B8178C2625C84B0058BE57 /* watchC_planet07.dae */; };
		F1B817942625C84B0058BE57 /* watchC_planet06.dae in Resources */ = {isa = PBXBuildFile; fileRef = F1B8178D2625C84B0058BE57 /* watchC_planet06.dae */; };
		F1B817952625C84B0058BE57 /* watchC_planet02.dae in Resources */ = {isa = PBXBuildFile; fileRef = F1B8178E2625C84B0058BE57 /* watchC_planet02.dae */; };
		F1B817962625C84B0058BE57 /* watchC_planet03.dae in Resources */ = {isa = PBXBuildFile; fileRef = F1B8178F2625C84B0058BE57 /* watchC_planet03.dae */; };
		F1B817972625C84B0058BE57 /* watchC_planet01.dae in Resources */ = {isa = PBXBuildFile; fileRef = F1B817902625C84B0058BE57 /* watchC_planet01.dae */; };
		F1B8179B2625CAF50058BE57 /* TaskRowView.swift in Sources */ = {isa = PBXBuildFile; fileRef = F1B8179A2625CAF50058BE57 /* TaskRowView.swift */; };
		F1DC4E302625C3880071DF64 /* Cazu_iPhoneApp.swift in Sources */ = {isa = PBXBuildFile; fileRef = F1DC4E2F2625C3880071DF64 /* Cazu_iPhoneApp.swift */; };
		F1DC4E322625C3880071DF64 /* DashboardView.swift in Sources */ = {isa = PBXBuildFile; fileRef = F1DC4E312625C3880071DF64 /* DashboardView.swift */; };
		F1DC4E342625C3880071DF64 /* Assets.xcassets in Resources */ = {isa = PBXBuildFile; fileRef = F1DC4E332625C3880071DF64 /* Assets.xcassets */; };
		F1DC4E372625C3880071DF64 /* Preview Assets.xcassets in Resources */ = {isa = PBXBuildFile; fileRef = F1DC4E362625C3880071DF64 /* Preview Assets.xcassets */; };
/* End PBXBuildFile section */

/* Begin PBXFileReference section */
		F15725242629B54800CEC1AE /* HorarioLoader.swift */ = {isa = PBXFileReference; lastKnownFileType = sourcecode.swift; path = HorarioLoader.swift; sourceTree = "<group>"; };
		F15725282629B9A000CEC1AE /* ProgressBar.swift */ = {isa = PBXFileReference; lastKnownFileType = sourcecode.swift; path = ProgressBar.swift; sourceTree = "<group>"; };
		F157252D2629BD1000CEC1AE /* Colors.swift */ = {isa = PBXFileReference; lastKnownFileType = sourcecode.swift; path = Colors.swift; sourceTree = "<group>"; };
		F15725302629CC6700CEC1AE /* Scene.swift */ = {isa = PBXFileReference; lastKnownFileType = sourcecode.swift; path = Scene.swift; sourceTree = "<group>"; };
		F1A1CAE926286BCC000BC3E3 /* TaskModel.swift */ = {isa = PBXFileReference; lastKnownFileType = sourcecode.swift; path = TaskModel.swift; sourceTree = "<group>"; };
		F1A1CAEC26286C73000BC3E3 /* TaskStatus.swift */ = {isa = PBXFileReference; lastKnownFileType = sourcecode.swift; path = TaskStatus.swift; sourceTree = "<group>"; };
		F1B8178A2625C84B0058BE57 /* watchC_planet04.dae */ = {isa = PBXFileReference; fileEncoding = 4; lastKnownFileType = text.xml.dae; path = watchC_planet04.dae; sourceTree = "<group>"; };
		F1B8178B2625C84B0058BE57 /* watchC_planet05.dae */ = {isa = PBXFileReference; fileEncoding = 4; lastKnownFileType = text.xml.dae; path = watchC_planet05.dae; sourceTree = "<group>"; };
		F1B8178C2625C84B0058BE57 /* watchC_planet07.dae */ = {isa = PBXFileReference; fileEncoding = 4; lastKnownFileType = text.xml.dae; path = watchC_planet07.dae; sourceTree = "<group>"; };
		F1B8178D2625C84B0058BE57 /* watchC_planet06.dae */ = {isa = PBXFileReference; fileEncoding = 4; lastKnownFileType = text.xml.dae; path = watchC_planet06.dae; sourceTree = "<group>"; };
		F1B8178E2625C84B0058BE57 /* watchC_planet02.dae */ = {isa = PBXFileReference; fileEncoding = 4; lastKnownFileType = text.xml.dae; path = watchC_planet02.dae; sourceTree = "<group>"; };
		F1B8178F2625C84B0058BE57 /* watchC_planet03.dae */ = {isa = PBXFileReference; fileEncoding = 4; lastKnownFileType = text.xml.dae; path = watchC_planet03.dae; sourceTree = "<group>"; };
		F1B817902625C84B0058BE57 /* watchC_planet01.dae */ = {isa = PBXFileReference; fileEncoding = 4; lastKnownFileType = text.xml.dae; path = watchC_planet01.dae; sourceTree = "<group>"; };
		F1B8179A2625CAF50058BE57 /* TaskRowView.swift */ = {isa = PBXFileReference; lastKnownFileType = sourcecode.swift; path = TaskRowView.swift; sourceTree = "<group>"; };
		F1DC4E2C2625C3880071DF64 /* Cazu_iPhone.app */ = {isa = PBXFileReference; explicitFileType = wrapper.application; includeInIndex = 0; path = Cazu_iPhone.app; sourceTree = BUILT_PRODUCTS_DIR; };
		F1DC4E2F2625C3880071DF64 /* Cazu_iPhoneApp.swift */ = {isa = PBXFileReference; lastKnownFileType = sourcecode.swift; path = Cazu_iPhoneApp.swift; sourceTree = "<group>"; };
		F1DC4E312625C3880071DF64 /* DashboardView.swift */ = {isa = PBXFileReference; lastKnownFileType = sourcecode.swift; path = DashboardView.swift; sourceTree = "<group>"; };
		F1DC4E332625C3880071DF64 /* Assets.xcassets */ = {isa = PBXFileReference; lastKnownFileType = folder.assetcatalog; path = Assets.xcassets; sourceTree = "<group>"; };
		F1DC4E362625C3880071DF64 /* Preview Assets.xcassets */ = {isa = PBXFileReference; lastKnownFileType = folder.assetcatalog; path = "Preview Assets.xcassets"; sourceTree = "<group>"; };
		F1DC4E382625C3880071DF64 /* Info.plist */ = {isa = PBXFileReference; lastKnownFileType = text.plist.xml; path = Info.plist; sourceTree = "<group>"; };
/* End PBXFileReference section */

/* Begin PBXFrameworksBuildPhase section */
		F1DC4E292625C3880071DF64 /* Frameworks */ = {
			isa = PBXFrameworksBuildPhase;
			buildActionMask = 2147483647;
			files = (
			);
			runOnlyForDeploymentPostprocessing = 0;
		};
/* End PBXFrameworksBuildPhase section */

/* Begin PBXGroup section */
		F1A1CAE826286BB9000BC3E3 /* Model */ = {
			isa = PBXGroup;
			children = (
				F1A1CAE926286BCC000BC3E3 /* TaskModel.swift */,
				F1A1CAEC26286C73000BC3E3 /* TaskStatus.swift */,
			);
			path = Model;
			sourceTree = "<group>";
		};
		F1B8177B2625C5B60058BE57 /* Layers */ = {
			isa = PBXGroup;
			children = (
				F1B817802625C5E40058BE57 /* Data */,
				F1B8177F2625C5DD0058BE57 /* Domain */,
				F1B8177E2625C5D60058BE57 /* UI */,
				F1B8177D2625C5CE0058BE57 /* Shared */,
			);
			path = Layers;
			sourceTree = "<group>";
		};
		F1B8177C2625C5BF0058BE57 /* System */ = {
			isa = PBXGroup;
			children = (
				F1DC4E2F2625C3880071DF64 /* Cazu_iPhoneApp.swift */,
			);
			path = System;
			sourceTree = "<group>";
		};
		F1B8177D2625C5CE0058BE57 /* Shared */ = {
			isa = PBXGroup;
			children = (
			);
			path = Shared;
			sourceTree = "<group>";
		};
		F1B8177E2625C5D60058BE57 /* UI */ = {
			isa = PBXGroup;
			children = (
				F1B817892625C84B0058BE57 /* 3D Models */,
				F1B817862625C7120058BE57 /* Scenes */,
				F1B817812625C6130058BE57 /* Components */,
			);
			path = UI;
			sourceTree = "<group>";
		};
		F1B8177F2625C5DD0058BE57 /* Domain */ = {
			isa = PBXGroup;
			children = (
				F1A1CAE826286BB9000BC3E3 /* Model */,
			);
			path = Domain;
			sourceTree = "<group>";
		};
		F1B817802625C5E40058BE57 /* Data */ = {
			isa = PBXGroup;
			children = (
			);
			path = Data;
			sourceTree = "<group>";
		};
		F1B817812625C6130058BE57 /* Components */ = {
			isa = PBXGroup;
			children = (
				F15725242629B54800CEC1AE /* HorarioLoader.swift */,
				F15725282629B9A000CEC1AE /* ProgressBar.swift */,
				F157252D2629BD1000CEC1AE /* Colors.swift */,
				F15725302629CC6700CEC1AE /* Scene.swift */,
			);
			path = Components;
			sourceTree = "<group>";
		};
		F1B817862625C7120058BE57 /* Scenes */ = {
			isa = PBXGroup;
			children = (
				F1B817992625CAE00058BE57 /* TaskRow */,
				F1B817872625C7190058BE57 /* Dashboard */,
			);
			path = Scenes;
			sourceTree = "<group>";
		};
		F1B817872625C7190058BE57 /* Dashboard */ = {
			isa = PBXGroup;
			children = (
				F1DC4E312625C3880071DF64 /* DashboardView.swift */,
			);
			path = Dashboard;
			sourceTree = "<group>";
		};
		F1B817892625C84B0058BE57 /* 3D Models */ = {
			isa = PBXGroup;
			children = (
				F1B8178A2625C84B0058BE57 /* watchC_planet04.dae */,
				F1B8178B2625C84B0058BE57 /* watchC_planet05.dae */,
				F1B8178C2625C84B0058BE57 /* watchC_planet07.dae */,
				F1B8178D2625C84B0058BE57 /* watchC_planet06.dae */,
				F1B8178E2625C84B0058BE57 /* watchC_planet02.dae */,
				F1B8178F2625C84B0058BE57 /* watchC_planet03.dae */,
				F1B817902625C84B0058BE57 /* watchC_planet01.dae */,
			);
			path = "3D Models";
			sourceTree = "<group>";
		};
		F1B817992625CAE00058BE57 /* TaskRow */ = {
			isa = PBXGroup;
			children = (
				F1B8179A2625CAF50058BE57 /* TaskRowView.swift */,
			);
			path = TaskRow;
			sourceTree = "<group>";
		};
		F1DC4E232625C3880071DF64 = {
			isa = PBXGroup;
			children = (
				F1DC4E2E2625C3880071DF64 /* Cazu_iPhone */,
				F1DC4E2D2625C3880071DF64 /* Products */,
			);
			sourceTree = "<group>";
		};
		F1DC4E2D2625C3880071DF64 /* Products */ = {
			isa = PBXGroup;
			children = (
				F1DC4E2C2625C3880071DF64 /* Cazu_iPhone.app */,
			);
			name = Products;
			sourceTree = "<group>";
		};
		F1DC4E2E2625C3880071DF64 /* Cazu_iPhone */ = {
			isa = PBXGroup;
			children = (
				F1B8177C2625C5BF0058BE57 /* System */,
				F1B8177B2625C5B60058BE57 /* Layers */,
				F1DC4E332625C3880071DF64 /* Assets.xcassets */,
				F1DC4E382625C3880071DF64 /* Info.plist */,
				F1DC4E352625C3880071DF64 /* Preview Content */,
			);
			path = Cazu_iPhone;
			sourceTree = "<group>";
		};
		F1DC4E352625C3880071DF64 /* Preview Content */ = {
			isa = PBXGroup;
			children = (
				F1DC4E362625C3880071DF64 /* Preview Assets.xcassets */,
			);
			path = "Preview Content";
			sourceTree = "<group>";
		};
/* End PBXGroup section */

/* Begin PBXNativeTarget section */
		F1DC4E2B2625C3880071DF64 /* Cazu_iPhone */ = {
			isa = PBXNativeTarget;
			buildConfigurationList = F1DC4E3B2625C3880071DF64 /* Build configuration list for PBXNativeTarget "Cazu_iPhone" */;
			buildPhases = (
				F1DC4E282625C3880071DF64 /* Sources */,
				F1DC4E292625C3880071DF64 /* Frameworks */,
				F1DC4E2A2625C3880071DF64 /* Resources */,
			);
			buildRules = (
			);
			dependencies = (
			);
			name = Cazu_iPhone;
			productName = Cazu_iPhone;
			productReference = F1DC4E2C2625C3880071DF64 /* Cazu_iPhone.app */;
			productType = "com.apple.product-type.application";
		};
/* End PBXNativeTarget section */

/* Begin PBXProject section */
		F1DC4E242625C3880071DF64 /* Project object */ = {
			isa = PBXProject;
			attributes = {
				LastSwiftUpdateCheck = 1240;
				LastUpgradeCheck = 1240;
				TargetAttributes = {
					F1DC4E2B2625C3880071DF64 = {
						CreatedOnToolsVersion = 12.4;
					};
				};
			};
			buildConfigurationList = F1DC4E272625C3880071DF64 /* Build configuration list for PBXProject "Cazu_iPhone" */;
			compatibilityVersion = "Xcode 9.3";
			developmentRegion = en;
			hasScannedForEncodings = 0;
			knownRegions = (
				en,
				Base,
			);
			mainGroup = F1DC4E232625C3880071DF64;
			productRefGroup = F1DC4E2D2625C3880071DF64 /* Products */;
			projectDirPath = "";
			projectRoot = "";
			targets = (
				F1DC4E2B2625C3880071DF64 /* Cazu_iPhone */,
			);
		};
/* End PBXProject section */

/* Begin PBXResourcesBuildPhase section */
		F1DC4E2A2625C3880071DF64 /* Resources */ = {
			isa = PBXResourcesBuildPhase;
			buildActionMask = 2147483647;
			files = (
				F1DC4E372625C3880071DF64 /* Preview Assets.xcassets in Resources */,
				F1B817922625C84B0058BE57 /* watchC_planet05.dae in Resources */,
				F1B817912625C84B0058BE57 /* watchC_planet04.dae in Resources */,
				F1B817962625C84B0058BE57 /* watchC_planet03.dae in Resources */,
				F1DC4E342625C3880071DF64 /* Assets.xcassets in Resources */,
				F1B817942625C84B0058BE57 /* watchC_planet06.dae in Resources */,
				F1B817952625C84B0058BE57 /* watchC_planet02.dae in Resources */,
				F1B817972625C84B0058BE57 /* watchC_planet01.dae in Resources */,
				F1B817932625C84B0058BE57 /* watchC_planet07.dae in Resources */,
			);
			runOnlyForDeploymentPostprocessing = 0;
		};
/* End PBXResourcesBuildPhase section */

/* Begin PBXSourcesBuildPhase section */
		F1DC4E282625C3880071DF64 /* Sources */ = {
			isa = PBXSourcesBuildPhase;
			buildActionMask = 2147483647;
			files = (
				F1DC4E322625C3880071DF64 /* DashboardView.swift in Sources */,
				F157252E2629BD1000CEC1AE /* Colors.swift in Sources */,
				F1B8179B2625CAF50058BE57 /* TaskRowView.swift in Sources */,
				F1A1CAEA26286BCC000BC3E3 /* TaskModel.swift in Sources */,
				F1A1CAED26286C73000BC3E3 /* TaskStatus.swift in Sources */,
				F1DC4E302625C3880071DF64 /* Cazu_iPhoneApp.swift in Sources */,
				F15725252629B54800CEC1AE /* HorarioLoader.swift in Sources */,
				F15725292629B9A000CEC1AE /* ProgressBar.swift in Sources */,
				F15725312629CC6700CEC1AE /* Scene.swift in Sources */,
			);
			runOnlyForDeploymentPostprocessing = 0;
		};
/* End PBXSourcesBuildPhase section */

/* Begin XCBuildConfiguration section */
		F1DC4E392625C3880071DF64 /* Debug */ = {
			isa = XCBuildConfiguration;
			buildSettings = {
				ALWAYS_SEARCH_USER_PATHS = NO;
				CLANG_ANALYZER_NONNULL = YES;
				CLANG_ANALYZER_NUMBER_OBJECT_CONVERSION = YES_AGGRESSIVE;
				CLANG_CXX_LANGUAGE_STANDARD = "gnu++14";
				CLANG_CXX_LIBRARY = "libc++";
				CLANG_ENABLE_MODULES = YES;
				CLANG_ENABLE_OBJC_ARC = YES;
				CLANG_ENABLE_OBJC_WEAK = YES;
				CLANG_WARN_BLOCK_CAPTURE_AUTORELEASING = YES;
				CLANG_WARN_BOOL_CONVERSION = YES;
				CLANG_WARN_COMMA = YES;
				CLANG_WARN_CONSTANT_CONVERSION = YES;
				CLANG_WARN_DEPRECATED_OBJC_IMPLEMENTATIONS = YES;
				CLANG_WARN_DIRECT_OBJC_ISA_USAGE = YES_ERROR;
				CLANG_WARN_DOCUMENTATION_COMMENTS = YES;
				CLANG_WARN_EMPTY_BODY = YES;
				CLANG_WARN_ENUM_CONVERSION = YES;
				CLANG_WARN_INFINITE_RECURSION = YES;
				CLANG_WARN_INT_CONVERSION = YES;
				CLANG_WARN_NON_LITERAL_NULL_CONVERSION = YES;
				CLANG_WARN_OBJC_IMPLICIT_RETAIN_SELF = YES;
				CLANG_WARN_OBJC_LITERAL_CONVERSION = YES;
				CLANG_WARN_OBJC_ROOT_CLASS = YES_ERROR;
				CLANG_WARN_QUOTED_INCLUDE_IN_FRAMEWORK_HEADER = YES;
				CLANG_WARN_RANGE_LOOP_ANALYSIS = YES;
				CLANG_WARN_STRICT_PROTOTYPES = YES;
				CLANG_WARN_SUSPICIOUS_MOVE = YES;
				CLANG_WARN_UNGUARDED_AVAILABILITY = YES_AGGRESSIVE;
				CLANG_WARN_UNREACHABLE_CODE = YES;
				CLANG_WARN__DUPLICATE_METHOD_MATCH = YES;
				COPY_PHASE_STRIP = NO;
				DEBUG_INFORMATION_FORMAT = dwarf;
				ENABLE_STRICT_OBJC_MSGSEND = YES;
				ENABLE_TESTABILITY = YES;
				GCC_C_LANGUAGE_STANDARD = gnu11;
				GCC_DYNAMIC_NO_PIC = NO;
				GCC_NO_COMMON_BLOCKS = YES;
				GCC_OPTIMIZATION_LEVEL = 0;
				GCC_PREPROCESSOR_DEFINITIONS = (
					"DEBUG=1",
					"$(inherited)",
				);
				GCC_WARN_64_TO_32_BIT_CONVERSION = YES;
				GCC_WARN_ABOUT_RETURN_TYPE = YES_ERROR;
				GCC_WARN_UNDECLARED_SELECTOR = YES;
				GCC_WARN_UNINITIALIZED_AUTOS = YES_AGGRESSIVE;
				GCC_WARN_UNUSED_FUNCTION = YES;
				GCC_WARN_UNUSED_VARIABLE = YES;
				IPHONEOS_DEPLOYMENT_TARGET = 14.4;
				MTL_ENABLE_DEBUG_INFO = INCLUDE_SOURCE;
				MTL_FAST_MATH = YES;
				ONLY_ACTIVE_ARCH = YES;
				SDKROOT = iphoneos;
				SWIFT_ACTIVE_COMPILATION_CONDITIONS = DEBUG;
				SWIFT_OPTIMIZATION_LEVEL = "-Onone";
			};
			name = Debug;
		};
		F1DC4E3A2625C3880071DF64 /* Release */ = {
			isa = XCBuildConfiguration;
			buildSettings = {
				ALWAYS_SEARCH_USER_PATHS = NO;
				CLANG_ANALYZER_NONNULL = YES;
				CLANG_ANALYZER_NUMBER_OBJECT_CONVERSION = YES_AGGRESSIVE;
				CLANG_CXX_LANGUAGE_STANDARD = "gnu++14";
				CLANG_CXX_LIBRARY = "libc++";
				CLANG_ENABLE_MODULES = YES;
				CLANG_ENABLE_OBJC_ARC = YES;
				CLANG_ENABLE_OBJC_WEAK = YES;
				CLANG_WARN_BLOCK_CAPTURE_AUTORELEASING = YES;
				CLANG_WARN_BOOL_CONVERSION = YES;
				CLANG_WARN_COMMA = YES;
				CLANG_WARN_CONSTANT_CONVERSION = YES;
				CLANG_WARN_DEPRECATED_OBJC_IMPLEMENTATIONS = YES;
				CLANG_WARN_DIRECT_OBJC_ISA_USAGE = YES_ERROR;
				CLANG_WARN_DOCUMENTATION_COMMENTS = YES;
				CLANG_WARN_EMPTY_BODY = YES;
				CLANG_WARN_ENUM_CONVERSION = YES;
				CLANG_WARN_INFINITE_RECURSION = YES;
				CLANG_WARN_INT_CONVERSION = YES;
				CLANG_WARN_NON_LITERAL_NULL_CONVERSION = YES;
				CLANG_WARN_OBJC_IMPLICIT_RETAIN_SELF = YES;
				CLANG_WARN_OBJC_LITERAL_CONVERSION = YES;
				CLANG_WARN_OBJC_ROOT_CLASS = YES_ERROR;
				CLANG_WARN_QUOTED_INCLUDE_IN_FRAMEWORK_HEADER = YES;
				CLANG_WARN_RANGE_LOOP_ANALYSIS = YES;
				CLANG_WARN_STRICT_PROTOTYPES = YES;
				CLANG_WARN_SUSPICIOUS_MOVE = YES;
				CLANG_WARN_UNGUARDED_AVAILABILITY = YES_AGGRESSIVE;
				CLANG_WARN_UNREACHABLE_CODE = YES;
				CLANG_WARN__DUPLICATE_METHOD_MATCH = YES;
				COPY_PHASE_STRIP = NO;
				DEBUG_INFORMATION_FORMAT = "dwarf-with-dsym";
				ENABLE_NS_ASSERTIONS = NO;
				ENABLE_STRICT_OBJC_MSGSEND = YES;
				GCC_C_LANGUAGE_STANDARD = gnu11;
				GCC_NO_COMMON_BLOCKS = YES;
				GCC_WARN_64_TO_32_BIT_CONVERSION = YES;
				GCC_WARN_ABOUT_RETURN_TYPE = YES_ERROR;
				GCC_WARN_UNDECLARED_SELECTOR = YES;
				GCC_WARN_UNINITIALIZED_AUTOS = YES_AGGRESSIVE;
				GCC_WARN_UNUSED_FUNCTION = YES;
				GCC_WARN_UNUSED_VARIABLE = YES;
				IPHONEOS_DEPLOYMENT_TARGET = 14.4;
				MTL_ENABLE_DEBUG_INFO = NO;
				MTL_FAST_MATH = YES;
				SDKROOT = iphoneos;
				SWIFT_COMPILATION_MODE = wholemodule;
				SWIFT_OPTIMIZATION_LEVEL = "-O";
				VALIDATE_PRODUCT = YES;
			};
			name = Release;
		};
		F1DC4E3C2625C3880071DF64 /* Debug */ = {
			isa = XCBuildConfiguration;
			buildSettings = {
				ASSETCATALOG_COMPILER_APPICON_NAME = AppIcon;
				ASSETCATALOG_COMPILER_GLOBAL_ACCENT_COLOR_NAME = AccentColor;
				CODE_SIGN_STYLE = Automatic;
				DEVELOPMENT_ASSET_PATHS = "\"Cazu_iPhone/Preview Content\"";
				DEVELOPMENT_TEAM = J3Q7HWN3W7;
				ENABLE_PREVIEWS = YES;
				INFOPLIST_FILE = Cazu_iPhone/Info.plist;
				IPHONEOS_DEPLOYMENT_TARGET = 14.0;
				LD_RUNPATH_SEARCH_PATHS = (
					"$(inherited)",
					"@executable_path/Frameworks",
				);
				PRODUCT_BUNDLE_IDENTIFIER = "com.br.gabriel.gustavo.Cazu-iPhone";
				PRODUCT_NAME = "$(TARGET_NAME)";
				SWIFT_VERSION = 5.0;
				TARGETED_DEVICE_FAMILY = "1,2";
			};
			name = Debug;
		};
		F1DC4E3D2625C3880071DF64 /* Release */ = {
			isa = XCBuildConfiguration;
			buildSettings = {
				ASSETCATALOG_COMPILER_APPICON_NAME = AppIcon;
				ASSETCATALOG_COMPILER_GLOBAL_ACCENT_COLOR_NAME = AccentColor;
				CODE_SIGN_STYLE = Automatic;
				DEVELOPMENT_ASSET_PATHS = "\"Cazu_iPhone/Preview Content\"";
				DEVELOPMENT_TEAM = J3Q7HWN3W7;
				ENABLE_PREVIEWS = YES;
				INFOPLIST_FILE = Cazu_iPhone/Info.plist;
				IPHONEOS_DEPLOYMENT_TARGET = 14.0;
				LD_RUNPATH_SEARCH_PATHS = (
					"$(inherited)",
					"@executable_path/Frameworks",
				);
				PRODUCT_BUNDLE_IDENTIFIER = "com.br.gabriel.gustavo.Cazu-iPhone";
				PRODUCT_NAME = "$(TARGET_NAME)";
				SWIFT_VERSION = 5.0;
				TARGETED_DEVICE_FAMILY = "1,2";
			};
			name = Release;
		};
/* End XCBuildConfiguration section */

/* Begin XCConfigurationList section */
		F1DC4E272625C3880071DF64 /* Build configuration list for PBXProject "Cazu_iPhone" */ = {
			isa = XCConfigurationList;
			buildConfigurations = (
				F1DC4E392625C3880071DF64 /* Debug */,
				F1DC4E3A2625C3880071DF64 /* Release */,
			);
			defaultConfigurationIsVisible = 0;
			defaultConfigurationName = Release;
		};
		F1DC4E3B2625C3880071DF64 /* Build configuration list for PBXNativeTarget "Cazu_iPhone" */ = {
			isa = XCConfigurationList;
			buildConfigurations = (
				F1DC4E3C2625C3880071DF64 /* Debug */,
				F1DC4E3D2625C3880071DF64 /* Release */,
			);
			defaultConfigurationIsVisible = 0;
			defaultConfigurationName = Release;
		};
/* End XCConfigurationList section */
	};
	rootObject = F1DC4E242625C3880071DF64 /* Project object */;
}
